// !$*UTF8*$!
{
	archiveVersion = 1;
	classes = {
	};
	objectVersion = 46;
	objects = {

/* Begin PBXBuildFile section */
		CF9749531831E8DA0056596A /* Foundation.framework in Frameworks */ = {isa = PBXBuildFile; fileRef = CF9749521831E8DA0056596A /* Foundation.framework */; };
		CF9749551831E8DA0056596A /* CoreGraphics.framework in Frameworks */ = {isa = PBXBuildFile; fileRef = CF9749541831E8DA0056596A /* CoreGraphics.framework */; };
		CF9749571831E8DA0056596A /* UIKit.framework in Frameworks */ = {isa = PBXBuildFile; fileRef = CF9749561831E8DA0056596A /* UIKit.framework */; };
		CF97495D1831E8DA0056596A /* InfoPlist.strings in Resources */ = {isa = PBXBuildFile; fileRef = CF97495B1831E8DA0056596A /* InfoPlist.strings */; };
		CF97495F1831E8DA0056596A /* main.m in Sources */ = {isa = PBXBuildFile; fileRef = CF97495E1831E8DA0056596A /* main.m */; };
		CF9749631831E8DA0056596A /* CSGAppDelegate.m in Sources */ = {isa = PBXBuildFile; fileRef = CF9749621831E8DA0056596A /* CSGAppDelegate.m */; };
		CF9749661831E8DA0056596A /* Main.storyboard in Resources */ = {isa = PBXBuildFile; fileRef = CF9749641831E8DA0056596A /* Main.storyboard */; };
		CF9749691831E8DA0056596A /* CSGViewController.m in Sources */ = {isa = PBXBuildFile; fileRef = CF9749681831E8DA0056596A /* CSGViewController.m */; };
		CF97496B1831E8DA0056596A /* Images.xcassets in Resources */ = {isa = PBXBuildFile; fileRef = CF97496A1831E8DA0056596A /* Images.xcassets */; };
		CF9749721831E8DA0056596A /* XCTest.framework in Frameworks */ = {isa = PBXBuildFile; fileRef = CF9749711831E8DA0056596A /* XCTest.framework */; };
		CF9749731831E8DA0056596A /* Foundation.framework in Frameworks */ = {isa = PBXBuildFile; fileRef = CF9749521831E8DA0056596A /* Foundation.framework */; };
		CF9749741831E8DA0056596A /* UIKit.framework in Frameworks */ = {isa = PBXBuildFile; fileRef = CF9749561831E8DA0056596A /* UIKit.framework */; };
		CF97497C1831E8DA0056596A /* InfoPlist.strings in Resources */ = {isa = PBXBuildFile; fileRef = CF97497A1831E8DA0056596A /* InfoPlist.strings */; };
		CF97497E1831E8DA0056596A /* CocoaPodsHWTests.m in Sources */ = {isa = PBXBuildFile; fileRef = CF97497D1831E8DA0056596A /* CocoaPodsHWTests.m */; };
/* End PBXBuildFile section */

/* Begin PBXContainerItemProxy section */
		CF9749751831E8DA0056596A /* PBXContainerItemProxy */ = {
			isa = PBXContainerItemProxy;
			containerPortal = CF9749471831E8DA0056596A /* Project object */;
			proxyType = 1;
			remoteGlobalIDString = CF97494E1831E8DA0056596A;
			remoteInfo = CocoaPodsHW;
		};
/* End PBXContainerItemProxy section */

/* Begin PBXFileReference section */
		CF97494F1831E8DA0056596A /* CocoaPodsHW.app */ = {isa = PBXFileReference; explicitFileType = wrapper.application; includeInIndex = 0; path = CocoaPodsHW.app; sourceTree = BUILT_PRODUCTS_DIR; };
		CF9749521831E8DA0056596A /* Foundation.framework */ = {isa = PBXFileReference; lastKnownFileType = wrapper.framework; name = Foundation.framework; path = System/Library/Frameworks/Foundation.framework; sourceTree = SDKROOT; };
		CF9749541831E8DA0056596A /* CoreGraphics.framework */ = {isa = PBXFileReference; lastKnownFileType = wrapper.framework; name = CoreGraphics.framework; path = System/Library/Frameworks/CoreGraphics.framework; sourceTree = SDKROOT; };
		CF9749561831E8DA0056596A /* UIKit.framework */ = {isa = PBXFileReference; lastKnownFileType = wrapper.framework; name = UIKit.framework; path = System/Library/Frameworks/UIKit.framework; sourceTree = SDKROOT; };
		CF97495A1831E8DA0056596A /* CocoaPodsHW-Info.plist */ = {isa = PBXFileReference; lastKnownFileType = text.plist.xml; path = "CocoaPodsHW-Info.plist"; sourceTree = "<group>"; };
		CF97495C1831E8DA0056596A /* en */ = {isa = PBXFileReference; lastKnownFileType = text.plist.strings; name = en; path = en.lproj/InfoPlist.strings; sourceTree = "<group>"; };
		CF97495E1831E8DA0056596A /* main.m */ = {isa = PBXFileReference; lastKnownFileType = sourcecode.c.objc; path = main.m; sourceTree = "<group>"; };
		CF9749601831E8DA0056596A /* CocoaPodsHW-Prefix.pch */ = {isa = PBXFileReference; lastKnownFileType = sourcecode.c.h; path = "CocoaPodsHW-Prefix.pch"; sourceTree = "<group>"; };
		CF9749611831E8DA0056596A /* CSGAppDelegate.h */ = {isa = PBXFileReference; lastKnownFileType = sourcecode.c.h; path = CSGAppDelegate.h; sourceTree = "<group>"; };
		CF9749621831E8DA0056596A /* CSGAppDelegate.m */ = {isa = PBXFileReference; lastKnownFileType = sourcecode.c.objc; path = CSGAppDelegate.m; sourceTree = "<group>"; };
		CF9749651831E8DA0056596A /* Base */ = {isa = PBXFileReference; lastKnownFileType = file.storyboard; name = Base; path = Base.lproj/Main.storyboard; sourceTree = "<group>"; };
		CF9749671831E8DA0056596A /* CSGViewController.h */ = {isa = PBXFileReference; lastKnownFileType = sourcecode.c.h; path = CSGViewController.h; sourceTree = "<group>"; };
		CF9749681831E8DA0056596A /* CSGViewController.m */ = {isa = PBXFileReference; lastKnownFileType = sourcecode.c.objc; path = CSGViewController.m; sourceTree = "<group>"; };
		CF97496A1831E8DA0056596A /* Images.xcassets */ = {isa = PBXFileReference; lastKnownFileType = folder.assetcatalog; path = Images.xcassets; sourceTree = "<group>"; };
		CF9749701831E8DA0056596A /* CocoaPodsHWTests.xctest */ = {isa = PBXFileReference; explicitFileType = wrapper.cfbundle; includeInIndex = 0; path = CocoaPodsHWTests.xctest; sourceTree = BUILT_PRODUCTS_DIR; };
		CF9749711831E8DA0056596A /* XCTest.framework */ = {isa = PBXFileReference; lastKnownFileType = wrapper.framework; name = XCTest.framework; path = Library/Frameworks/XCTest.framework; sourceTree = DEVELOPER_DIR; };
		CF9749791831E8DA0056596A /* CocoaPodsHWTests-Info.plist */ = {isa = PBXFileReference; lastKnownFileType = text.plist.xml; path = "CocoaPodsHWTests-Info.plist"; sourceTree = "<group>"; };
		CF97497B1831E8DA0056596A /* en */ = {isa = PBXFileReference; lastKnownFileType = text.plist.strings; name = en; path = en.lproj/InfoPlist.strings; sourceTree = "<group>"; };
		CF97497D1831E8DA0056596A /* CocoaPodsHWTests.m */ = {isa = PBXFileReference; lastKnownFileType = sourcecode.c.objc; path = CocoaPodsHWTests.m; sourceTree = "<group>"; };
/* End PBXFileReference section */

/* Begin PBXFrameworksBuildPhase section */
		CF97494C1831E8DA0056596A /* Frameworks */ = {
			isa = PBXFrameworksBuildPhase;
			buildActionMask = 2147483647;
			files = (
				CF9749551831E8DA0056596A /* CoreGraphics.framework in Frameworks */,
				CF9749571831E8DA0056596A /* UIKit.framework in Frameworks */,
				CF9749531831E8DA0056596A /* Foundation.framework in Frameworks */,
			);
			runOnlyForDeploymentPostprocessing = 0;
		};
		CF97496D1831E8DA0056596A /* Frameworks */ = {
			isa = PBXFrameworksBuildPhase;
			buildActionMask = 2147483647;
			files = (
				CF9749721831E8DA0056596A /* XCTest.framework in Frameworks */,
				CF9749741831E8DA0056596A /* UIKit.framework in Frameworks */,
				CF9749731831E8DA0056596A /* Foundation.framework in Frameworks */,
			);
			runOnlyForDeploymentPostprocessing = 0;
		};
/* End PBXFrameworksBuildPhase section */

/* Begin PBXGroup section */
		CF9749461831E8DA0056596A = {
			isa = PBXGroup;
			children = (
				CF9749581831E8DA0056596A /* CocoaPodsHW */,
				CF9749771831E8DA0056596A /* CocoaPodsHWTests */,
				CF9749511831E8DA0056596A /* Frameworks */,
				CF9749501831E8DA0056596A /* Products */,
			);
			sourceTree = "<group>";
		};
		CF9749501831E8DA0056596A /* Products */ = {
			isa = PBXGroup;
			children = (
				CF97494F1831E8DA0056596A /* CocoaPodsHW.app */,
				CF9749701831E8DA0056596A /* CocoaPodsHWTests.xctest */,
			);
			name = Products;
			sourceTree = "<group>";
		};
		CF9749511831E8DA0056596A /* Frameworks */ = {
			isa = PBXGroup;
			children = (
				CF9749521831E8DA0056596A /* Foundation.framework */,
				CF9749541831E8DA0056596A /* CoreGraphics.framework */,
				CF9749561831E8DA0056596A /* UIKit.framework */,
				CF9749711831E8DA0056596A /* XCTest.framework */,
			);
			name = Frameworks;
			sourceTree = "<group>";
		};
		CF9749581831E8DA0056596A /* CocoaPodsHW */ = {
			isa = PBXGroup;
			children = (
				CF9749611831E8DA0056596A /* CSGAppDelegate.h */,
				CF9749621831E8DA0056596A /* CSGAppDelegate.m */,
				CF9749641831E8DA0056596A /* Main.storyboard */,
				CF9749671831E8DA0056596A /* CSGViewController.h */,
				CF9749681831E8DA0056596A /* CSGViewController.m */,
				CF97496A1831E8DA0056596A /* Images.xcassets */,
				CF9749591831E8DA0056596A /* Supporting Files */,
			);
			path = CocoaPodsHW;
			sourceTree = "<group>";
		};
		CF9749591831E8DA0056596A /* Supporting Files */ = {
			isa = PBXGroup;
			children = (
				CF97495A1831E8DA0056596A /* CocoaPodsHW-Info.plist */,
				CF97495B1831E8DA0056596A /* InfoPlist.strings */,
				CF97495E1831E8DA0056596A /* main.m */,
				CF9749601831E8DA0056596A /* CocoaPodsHW-Prefix.pch */,
			);
			name = "Supporting Files";
			sourceTree = "<group>";
		};
		CF9749771831E8DA0056596A /* CocoaPodsHWTests */ = {
			isa = PBXGroup;
			children = (
				CF97497D1831E8DA0056596A /* CocoaPodsHWTests.m */,
				CF9749781831E8DA0056596A /* Supporting Files */,
			);
			path = CocoaPodsHWTests;
			sourceTree = "<group>";
		};
		CF9749781831E8DA0056596A /* Supporting Files */ = {
			isa = PBXGroup;
			children = (
				CF9749791831E8DA0056596A /* CocoaPodsHWTests-Info.plist */,
				CF97497A1831E8DA0056596A /* InfoPlist.strings */,
			);
			name = "Supporting Files";
			sourceTree = "<group>";
		};
/* End PBXGroup section */

/* Begin PBXNativeTarget section */
		CF97494E1831E8DA0056596A /* CocoaPodsHW */ = {
			isa = PBXNativeTarget;
			buildConfigurationList = CF9749811831E8DA0056596A /* Build configuration list for PBXNativeTarget "CocoaPodsHW" */;
			buildPhases = (
				CF97494B1831E8DA0056596A /* Sources */,
				CF97494C1831E8DA0056596A /* Frameworks */,
				CF97494D1831E8DA0056596A /* Resources */,
			);
			buildRules = (
			);
			dependencies = (
			);
			name = CocoaPodsHW;
			productName = CocoaPodsHW;
			productReference = CF97494F1831E8DA0056596A /* CocoaPodsHW.app */;
			productType = "com.apple.product-type.application";
		};
		CF97496F1831E8DA0056596A /* CocoaPodsHWTests */ = {
			isa = PBXNativeTarget;
			buildConfigurationList = CF9749841831E8DA0056596A /* Build configuration list for PBXNativeTarget "CocoaPodsHWTests" */;
			buildPhases = (
				CF97496C1831E8DA0056596A /* Sources */,
				CF97496D1831E8DA0056596A /* Frameworks */,
				CF97496E1831E8DA0056596A /* Resources */,
			);
			buildRules = (
			);
			dependencies = (
				CF9749761831E8DA0056596A /* PBXTargetDependency */,
			);
			name = CocoaPodsHWTests;
			productName = CocoaPodsHWTests;
			productReference = CF9749701831E8DA0056596A /* CocoaPodsHWTests.xctest */;
			productType = "com.apple.product-type.bundle.unit-test";
		};
/* End PBXNativeTarget section */

/* Begin PBXProject section */
		CF9749471831E8DA0056596A /* Project object */ = {
			isa = PBXProject;
			attributes = {
				CLASSPREFIX = CSG;
				LastUpgradeCheck = 0500;
				ORGANIZATIONNAME = Greenster;
				TargetAttributes = {
					CF97496F1831E8DA0056596A = {
						TestTargetID = CF97494E1831E8DA0056596A;
					};
				};
			};
			buildConfigurationList = CF97494A1831E8DA0056596A /* Build configuration list for PBXProject "CocoaPodsHW" */;
			compatibilityVersion = "Xcode 3.2";
			developmentRegion = English;
			hasScannedForEncodings = 0;
			knownRegions = (
				en,
				Base,
			);
			mainGroup = CF9749461831E8DA0056596A;
			productRefGroup = CF9749501831E8DA0056596A /* Products */;
			projectDirPath = "";
			projectRoot = "";
			targets = (
				CF97494E1831E8DA0056596A /* CocoaPodsHW */,
				CF97496F1831E8DA0056596A /* CocoaPodsHWTests */,
			);
		};
/* End PBXProject section */

/* Begin PBXResourcesBuildPhase section */
		CF97494D1831E8DA0056596A /* Resources */ = {
			isa = PBXResourcesBuildPhase;
			buildActionMask = 2147483647;
			files = (
				CF97496B1831E8DA0056596A /* Images.xcassets in Resources */,
				CF97495D1831E8DA0056596A /* InfoPlist.strings in Resources */,
				CF9749661831E8DA0056596A /* Main.storyboard in Resources */,
			);
			runOnlyForDeploymentPostprocessing = 0;
		};
		CF97496E1831E8DA0056596A /* Resources */ = {
			isa = PBXResourcesBuildPhase;
			buildActionMask = 2147483647;
			files = (
				CF97497C1831E8DA0056596A /* InfoPlist.strings in Resources */,
			);
			runOnlyForDeploymentPostprocessing = 0;
		};
/* End PBXResourcesBuildPhase section */

/* Begin PBXSourcesBuildPhase section */
		CF97494B1831E8DA0056596A /* Sources */ = {
			isa = PBXSourcesBuildPhase;
			buildActionMask = 2147483647;
			files = (
				CF9749631831E8DA0056596A /* CSGAppDelegate.m in Sources */,
				CF9749691831E8DA0056596A /* CSGViewController.m in Sources */,
				CF97495F1831E8DA0056596A /* main.m in Sources */,
			);
			runOnlyForDeploymentPostprocessing = 0;
		};
		CF97496C1831E8DA0056596A /* Sources */ = {
			isa = PBXSourcesBuildPhase;
			buildActionMask = 2147483647;
			files = (
				CF97497E1831E8DA0056596A /* CocoaPodsHWTests.m in Sources */,
			);
			runOnlyForDeploymentPostprocessing = 0;
		};
/* End PBXSourcesBuildPhase section */

/* Begin PBXTargetDependency section */
		CF9749761831E8DA0056596A /* PBXTargetDependency */ = {
			isa = PBXTargetDependency;
			target = CF97494E1831E8DA0056596A /* CocoaPodsHW */;
			targetProxy = CF9749751831E8DA0056596A /* PBXContainerItemProxy */;
		};
/* End PBXTargetDependency section */

/* Begin PBXVariantGroup section */
		CF97495B1831E8DA0056596A /* InfoPlist.strings */ = {
			isa = PBXVariantGroup;
			children = (
				CF97495C1831E8DA0056596A /* en */,
			);
			name = InfoPlist.strings;
			sourceTree = "<group>";
		};
		CF9749641831E8DA0056596A /* Main.storyboard */ = {
			isa = PBXVariantGroup;
			children = (
				CF9749651831E8DA0056596A /* Base */,
			);
			name = Main.storyboard;
			sourceTree = "<group>";
		};
		CF97497A1831E8DA0056596A /* InfoPlist.strings */ = {
			isa = PBXVariantGroup;
			children = (
				CF97497B1831E8DA0056596A /* en */,
			);
			name = InfoPlist.strings;
			sourceTree = "<group>";
		};
/* End PBXVariantGroup section */

/* Begin XCBuildConfiguration section */
		CF97497F1831E8DA0056596A /* Debug */ = {
			isa = XCBuildConfiguration;
			buildSettings = {
				ALWAYS_SEARCH_USER_PATHS = NO;
				ARCHS = "$(ARCHS_STANDARD_INCLUDING_64_BIT)";
				CLANG_CXX_LANGUAGE_STANDARD = "gnu++0x";
				CLANG_CXX_LIBRARY = "libc++";
				CLANG_ENABLE_MODULES = YES;
				CLANG_ENABLE_OBJC_ARC = YES;
				CLANG_WARN_BOOL_CONVERSION = YES;
				CLANG_WARN_CONSTANT_CONVERSION = YES;
				CLANG_WARN_DIRECT_OBJC_ISA_USAGE = YES_ERROR;
				CLANG_WARN_EMPTY_BODY = YES;
				CLANG_WARN_ENUM_CONVERSION = YES;
				CLANG_WARN_INT_CONVERSION = YES;
				CLANG_WARN_OBJC_ROOT_CLASS = YES_ERROR;
				CLANG_WARN__DUPLICATE_METHOD_MATCH = YES;
				"CODE_SIGN_IDENTITY[sdk=iphoneos*]" = "iPhone Developer";
				COPY_PHASE_STRIP = NO;
				GCC_C_LANGUAGE_STANDARD = gnu99;
				GCC_DYNAMIC_NO_PIC = NO;
				GCC_OPTIMIZATION_LEVEL = 0;
				GCC_PREPROCESSOR_DEFINITIONS = (
					"DEBUG=1",
					"$(inherited)",
				);
				GCC_SYMBOLS_PRIVATE_EXTERN = NO;
				GCC_WARN_64_TO_32_BIT_CONVERSION = YES;
				GCC_WARN_ABOUT_RETURN_TYPE = YES_ERROR;
				GCC_WARN_UNDECLARED_SELECTOR = YES;
				GCC_WARN_UNINITIALIZED_AUTOS = YES;
				GCC_WARN_UNUSED_FUNCTION = YES;
				GCC_WARN_UNUSED_VARIABLE = YES;
				IPHONEOS_DEPLOYMENT_TARGET = 7.0;
				ONLY_ACTIVE_ARCH = YES;
				SDKROOT = iphoneos;
			};
			name = Debug;
		};
		CF9749801831E8DA0056596A /* Release */ = {
			isa = XCBuildConfiguration;
			buildSettings = {
				ALWAYS_SEARCH_USER_PATHS = NO;
				ARCHS = "$(ARCHS_STANDARD_INCLUDING_64_BIT)";
				CLANG_CXX_LANGUAGE_STANDARD = "gnu++0x";
				CLANG_CXX_LIBRARY = "libc++";
				CLANG_ENABLE_MODULES = YES;
				CLANG_ENABLE_OBJC_ARC = YES;
				CLANG_WARN_BOOL_CONVERSION = YES;
				CLANG_WARN_CONSTANT_CONVERSION = YES;
				CLANG_WARN_DIRECT_OBJC_ISA_USAGE = YES_ERROR;
				CLANG_WARN_EMPTY_BODY = YES;
				CLANG_WARN_ENUM_CONVERSION = YES;
				CLANG_WARN_INT_CONVERSION = YES;
				CLANG_WARN_OBJC_ROOT_CLASS = YES_ERROR;
				CLANG_WARN__DUPLICATE_METHOD_MATCH = YES;
				"CODE_SIGN_IDENTITY[sdk=iphoneos*]" = "iPhone Developer";
				COPY_PHASE_STRIP = YES;
				ENABLE_NS_ASSERTIONS = NO;
				GCC_C_LANGUAGE_STANDARD = gnu99;
				GCC_WARN_64_TO_32_BIT_CONVERSION = YES;
				GCC_WARN_ABOUT_RETURN_TYPE = YES_ERROR;
				GCC_WARN_UNDECLARED_SELECTOR = YES;
				GCC_WARN_UNINITIALIZED_AUTOS = YES;
				GCC_WARN_UNUSED_FUNCTION = YES;
				GCC_WARN_UNUSED_VARIABLE = YES;
				IPHONEOS_DEPLOYMENT_TARGET = 7.0;
				SDKROOT = iphoneos;
				VALIDATE_PRODUCT = YES;
			};
			name = Release;
		};
		CF9749821831E8DA0056596A /* Debug */ = {
			isa = XCBuildConfiguration;
			buildSettings = {
				ASSETCATALOG_COMPILER_APPICON_NAME = AppIcon;
				ASSETCATALOG_COMPILER_LAUNCHIMAGE_NAME = LaunchImage;
				GCC_PRECOMPILE_PREFIX_HEADER = YES;
				GCC_PREFIX_HEADER = "CocoaPodsHW/CocoaPodsHW-Prefix.pch";
				INFOPLIST_FILE = "CocoaPodsHW/CocoaPodsHW-Info.plist";
				PRODUCT_NAME = "$(TARGET_NAME)";
				WRAPPER_EXTENSION = app;
			};
			name = Debug;
		};
		CF9749831831E8DA0056596A /* Release */ = {
			isa = XCBuildConfiguration;
			buildSettings = {
				ASSETCATALOG_COMPILER_APPICON_NAME = AppIcon;
				ASSETCATALOG_COMPILER_LAUNCHIMAGE_NAME = LaunchImage;
				GCC_PRECOMPILE_PREFIX_HEADER = YES;
				GCC_PREFIX_HEADER = "CocoaPodsHW/CocoaPodsHW-Prefix.pch";
				INFOPLIST_FILE = "CocoaPodsHW/CocoaPodsHW-Info.plist";
				PRODUCT_NAME = "$(TARGET_NAME)";
				WRAPPER_EXTENSION = app;
			};
			name = Release;
		};
		CF9749851831E8DA0056596A /* Debug */ = {
			isa = XCBuildConfiguration;
			buildSettings = {
				ARCHS = "$(ARCHS_STANDARD_INCLUDING_64_BIT)";
				BUNDLE_LOADER = "$(BUILT_PRODUCTS_DIR)/CocoaPodsHW.app/CocoaPodsHW";
				FRAMEWORK_SEARCH_PATHS = (
					"$(SDKROOT)/Developer/Library/Frameworks",
					"$(inherited)",
					"$(DEVELOPER_FRAMEWORKS_DIR)",
				);
				GCC_PRECOMPILE_PREFIX_HEADER = YES;
				GCC_PREFIX_HEADER = "CocoaPodsHW/CocoaPodsHW-Prefix.pch";
				GCC_PREPROCESSOR_DEFINITIONS = (
					"DEBUG=1",
					"$(inherited)",
				);
				INFOPLIST_FILE = "CocoaPodsHWTests/CocoaPodsHWTests-Info.plist";
				PRODUCT_NAME = "$(TARGET_NAME)";
				TEST_HOST = "$(BUNDLE_LOADER)";
				WRAPPER_EXTENSION = xctest;
			};
			name = Debug;
		};
		CF9749861831E8DA0056596A /* Release */ = {
			isa = XCBuildConfiguration;
			buildSettings = {
				ARCHS = "$(ARCHS_STANDARD_INCLUDING_64_BIT)";
				BUNDLE_LOADER = "$(BUILT_PRODUCTS_DIR)/CocoaPodsHW.app/CocoaPodsHW";
				FRAMEWORK_SEARCH_PATHS = (
					"$(SDKROOT)/Developer/Library/Frameworks",
					"$(inherited)",
					"$(DEVELOPER_FRAMEWORKS_DIR)",
				);
				GCC_PRECOMPILE_PREFIX_HEADER = YES;
				GCC_PREFIX_HEADER = "CocoaPodsHW/CocoaPodsHW-Prefix.pch";
				INFOPLIST_FILE = "CocoaPodsHWTests/CocoaPodsHWTests-Info.plist";
				PRODUCT_NAME = "$(TARGET_NAME)";
				TEST_HOST = "$(BUNDLE_LOADER)";
				WRAPPER_EXTENSION = xctest;
			};
			name = Release;
		};
/* End XCBuildConfiguration section */

/* Begin XCConfigurationList section */
		CF97494A1831E8DA0056596A /* Build configuration list for PBXProject "CocoaPodsHW" */ = {
			isa = XCConfigurationList;
			buildConfigurations = (
				CF97497F1831E8DA0056596A /* Debug */,
				CF9749801831E8DA0056596A /* Release */,
			);
			defaultConfigurationIsVisible = 0;
			defaultConfigurationName = Release;
		};
		CF9749811831E8DA0056596A /* Build configuration list for PBXNativeTarget "CocoaPodsHW" */ = {
			isa = XCConfigurationList;
			buildConfigurations = (
				CF9749821831E8DA0056596A /* Debug */,
				CF9749831831E8DA0056596A /* Release */,
			);
			defaultConfigurationIsVisible = 0;
		};
		CF9749841831E8DA0056596A /* Build configuration list for PBXNativeTarget "CocoaPodsHWTests" */ = {
			isa = XCConfigurationList;
			buildConfigurations = (
				CF9749851831E8DA0056596A /* Debug */,
				CF9749861831E8DA0056596A /* Release */,
			);
			defaultConfigurationIsVisible = 0;
		};
/* End XCConfigurationList section */
	};
	rootObject = CF9749471831E8DA0056596A /* Project object */;
}
