<?xml version="1.0" encoding="UTF-8"?>
<!DOCTYPE plist PUBLIC "-//Apple//DTD PLIST 1.0//EN" "http://www.apple.com/DTDs/PropertyList-1.0.dtd">
<plist version="1.0">
<dict>
	<key>archiveVersion</key>
	<string>1</string>
	<key>classes</key>
	<dict/>
	<key>objectVersion</key>
	<string>46</string>
	<key>objects</key>
	<dict>
		<key>07C361162ED64C75AC7DF304</key>
		<dict>
			<key>explicitFileType</key>
			<string>archive.ar</string>
			<key>includeInIndex</key>
			<string>0</string>
			<key>isa</key>
			<string>PBXFileReference</string>
			<key>path</key>
			<string>libPods.a</string>
			<key>sourceTree</key>
			<string>BUILT_PRODUCTS_DIR</string>
		</dict>
		<key>3754E33B86C0459D8C2EF544</key>
		<dict>
			<key>includeInIndex</key>
			<string>1</string>
			<key>isa</key>
			<string>PBXFileReference</string>
			<key>lastKnownFileType</key>
			<string>text.xcconfig</string>
			<key>name</key>
			<string>Pods.xcconfig</string>
			<key>path</key>
			<string>Pods/Pods.xcconfig</string>
			<key>sourceTree</key>
			<string>&lt;group&gt;</string>
		</dict>
		<key>614CB4F275B748F2AADDCEAE</key>
		<dict>
			<key>fileRef</key>
			<string>07C361162ED64C75AC7DF304</string>
			<key>isa</key>
			<string>PBXBuildFile</string>
		</dict>
		<key>CF9749461831E8DA0056596A</key>
		<dict>
			<key>children</key>
			<array>
				<string>CF9749581831E8DA0056596A</string>
				<string>CF9749771831E8DA0056596A</string>
				<string>CF9749511831E8DA0056596A</string>
				<string>CF9749501831E8DA0056596A</string>
				<string>3754E33B86C0459D8C2EF544</string>
			</array>
			<key>isa</key>
			<string>PBXGroup</string>
			<key>sourceTree</key>
			<string>&lt;group&gt;</string>
		</dict>
		<key>CF9749471831E8DA0056596A</key>
		<dict>
			<key>attributes</key>
			<dict>
				<key>CLASSPREFIX</key>
				<string>CSG</string>
				<key>LastUpgradeCheck</key>
				<string>0500</string>
				<key>ORGANIZATIONNAME</key>
				<string>Greenster</string>
				<key>TargetAttributes</key>
				<dict>
					<key>CF97496F1831E8DA0056596A</key>
					<dict>
						<key>TestTargetID</key>
						<string>CF97494E1831E8DA0056596A</string>
					</dict>
				</dict>
			</dict>
			<key>buildConfigurationList</key>
			<string>CF97494A1831E8DA0056596A</string>
			<key>compatibilityVersion</key>
			<string>Xcode 3.2</string>
			<key>developmentRegion</key>
			<string>English</string>
			<key>hasScannedForEncodings</key>
			<string>0</string>
			<key>isa</key>
			<string>PBXProject</string>
			<key>knownRegions</key>
			<array>
				<string>en</string>
				<string>Base</string>
			</array>
			<key>mainGroup</key>
			<string>CF9749461831E8DA0056596A</string>
			<key>productRefGroup</key>
			<string>CF9749501831E8DA0056596A</string>
			<key>projectDirPath</key>
			<string></string>
			<key>projectReferences</key>
			<array/>
			<key>projectRoot</key>
			<string></string>
			<key>targets</key>
			<array>
				<string>CF97494E1831E8DA0056596A</string>
				<string>CF97496F1831E8DA0056596A</string>
			</array>
		</dict>
		<key>CF97494A1831E8DA0056596A</key>
		<dict>
			<key>buildConfigurations</key>
			<array>
				<string>CF97497F1831E8DA0056596A</string>
				<string>CF9749801831E8DA0056596A</string>
			</array>
			<key>defaultConfigurationIsVisible</key>
			<string>0</string>
			<key>defaultConfigurationName</key>
			<string>Release</string>
			<key>isa</key>
			<string>XCConfigurationList</string>
		</dict>
		<key>CF97494B1831E8DA0056596A</key>
		<dict>
			<key>buildActionMask</key>
			<string>2147483647</string>
			<key>files</key>
			<array>
				<string>CF9749631831E8DA0056596A</string>
				<string>CF9749691831E8DA0056596A</string>
				<string>CF97495F1831E8DA0056596A</string>
			</array>
			<key>isa</key>
			<string>PBXSourcesBuildPhase</string>
			<key>runOnlyForDeploymentPostprocessing</key>
			<string>0</string>
		</dict>
		<key>CF97494C1831E8DA0056596A</key>
		<dict>
			<key>buildActionMask</key>
			<string>2147483647</string>
			<key>files</key>
			<array>
				<string>CF9749551831E8DA0056596A</string>
				<string>CF9749571831E8DA0056596A</string>
				<string>CF9749531831E8DA0056596A</string>
				<string>614CB4F275B748F2AADDCEAE</string>
			</array>
			<key>isa</key>
			<string>PBXFrameworksBuildPhase</string>
			<key>runOnlyForDeploymentPostprocessing</key>
			<string>0</string>
		</dict>
		<key>CF97494D1831E8DA0056596A</key>
		<dict>
			<key>buildActionMask</key>
			<string>2147483647</string>
			<key>files</key>
			<array>
				<string>CF97496B1831E8DA0056596A</string>
				<string>CF97495D1831E8DA0056596A</string>
				<string>CF9749661831E8DA0056596A</string>
			</array>
			<key>isa</key>
			<string>PBXResourcesBuildPhase</string>
			<key>runOnlyForDeploymentPostprocessing</key>
			<string>0</string>
		</dict>
		<key>CF97494E1831E8DA0056596A</key>
		<dict>
			<key>buildConfigurationList</key>
			<string>CF9749811831E8DA0056596A</string>
			<key>buildPhases</key>
			<array>
				<string>FD38E571B10342B783AA2FDF</string>
				<string>CF97494B1831E8DA0056596A</string>
				<string>CF97494C1831E8DA0056596A</string>
				<string>CF97494D1831E8DA0056596A</string>
				<string>F73BA947BE2C4BFFB8EBADFD</string>
			</array>
			<key>buildRules</key>
			<array/>
			<key>dependencies</key>
			<array/>
			<key>isa</key>
			<string>PBXNativeTarget</string>
			<key>name</key>
			<string>CocoaPodsHW</string>
			<key>productName</key>
			<string>CocoaPodsHW</string>
			<key>productReference</key>
			<string>CF97494F1831E8DA0056596A</string>
			<key>productType</key>
			<string>com.apple.product-type.application</string>
		</dict>
		<key>CF97494F1831E8DA0056596A</key>
		<dict>
			<key>explicitFileType</key>
			<string>wrapper.application</string>
			<key>includeInIndex</key>
			<string>0</string>
			<key>isa</key>
			<string>PBXFileReference</string>
			<key>path</key>
			<string>CocoaPodsHW.app</string>
			<key>sourceTree</key>
			<string>BUILT_PRODUCTS_DIR</string>
		</dict>
		<key>CF9749501831E8DA0056596A</key>
		<dict>
			<key>children</key>
			<array>
				<string>CF97494F1831E8DA0056596A</string>
				<string>CF9749701831E8DA0056596A</string>
			</array>
			<key>isa</key>
			<string>PBXGroup</string>
			<key>name</key>
			<string>Products</string>
			<key>sourceTree</key>
			<string>&lt;group&gt;</string>
		</dict>
		<key>CF9749511831E8DA0056596A</key>
		<dict>
			<key>children</key>
			<array>
				<string>CF9749521831E8DA0056596A</string>
				<string>CF9749541831E8DA0056596A</string>
				<string>CF9749561831E8DA0056596A</string>
				<string>CF9749711831E8DA0056596A</string>
				<string>07C361162ED64C75AC7DF304</string>
			</array>
			<key>isa</key>
			<string>PBXGroup</string>
			<key>name</key>
			<string>Frameworks</string>
			<key>sourceTree</key>
			<string>&lt;group&gt;</string>
		</dict>
		<key>CF9749521831E8DA0056596A</key>
		<dict>
			<key>isa</key>
			<string>PBXFileReference</string>
			<key>lastKnownFileType</key>
			<string>wrapper.framework</string>
			<key>name</key>
			<string>Foundation.framework</string>
			<key>path</key>
			<string>System/Library/Frameworks/Foundation.framework</string>
			<key>sourceTree</key>
			<string>SDKROOT</string>
		</dict>
		<key>CF9749531831E8DA0056596A</key>
		<dict>
			<key>fileRef</key>
			<string>CF9749521831E8DA0056596A</string>
			<key>isa</key>
			<string>PBXBuildFile</string>
		</dict>
		<key>CF9749541831E8DA0056596A</key>
		<dict>
			<key>isa</key>
			<string>PBXFileReference</string>
			<key>lastKnownFileType</key>
			<string>wrapper.framework</string>
			<key>name</key>
			<string>CoreGraphics.framework</string>
			<key>path</key>
			<string>System/Library/Frameworks/CoreGraphics.framework</string>
			<key>sourceTree</key>
			<string>SDKROOT</string>
		</dict>
		<key>CF9749551831E8DA0056596A</key>
		<dict>
			<key>fileRef</key>
			<string>CF9749541831E8DA0056596A</string>
			<key>isa</key>
			<string>PBXBuildFile</string>
		</dict>
		<key>CF9749561831E8DA0056596A</key>
		<dict>
			<key>isa</key>
			<string>PBXFileReference</string>
			<key>lastKnownFileType</key>
			<string>wrapper.framework</string>
			<key>name</key>
			<string>UIKit.framework</string>
			<key>path</key>
			<string>System/Library/Frameworks/UIKit.framework</string>
			<key>sourceTree</key>
			<string>SDKROOT</string>
		</dict>
		<key>CF9749571831E8DA0056596A</key>
		<dict>
			<key>fileRef</key>
			<string>CF9749561831E8DA0056596A</string>
			<key>isa</key>
			<string>PBXBuildFile</string>
		</dict>
		<key>CF9749581831E8DA0056596A</key>
		<dict>
			<key>children</key>
			<array>
				<string>CF9749611831E8DA0056596A</string>
				<string>CF9749621831E8DA0056596A</string>
				<string>CF9749641831E8DA0056596A</string>
				<string>CF9749671831E8DA0056596A</string>
				<string>CF9749681831E8DA0056596A</string>
				<string>CF97496A1831E8DA0056596A</string>
				<string>CF9749591831E8DA0056596A</string>
			</array>
			<key>isa</key>
			<string>PBXGroup</string>
			<key>path</key>
			<string>CocoaPodsHW</string>
			<key>sourceTree</key>
			<string>&lt;group&gt;</string>
		</dict>
		<key>CF9749591831E8DA0056596A</key>
		<dict>
			<key>children</key>
			<array>
				<string>CF97495A1831E8DA0056596A</string>
				<string>CF97495B1831E8DA0056596A</string>
				<string>CF97495E1831E8DA0056596A</string>
				<string>CF9749601831E8DA0056596A</string>
			</array>
			<key>isa</key>
			<string>PBXGroup</string>
			<key>name</key>
			<string>Supporting Files</string>
			<key>sourceTree</key>
			<string>&lt;group&gt;</string>
		</dict>
		<key>CF97495A1831E8DA0056596A</key>
		<dict>
			<key>isa</key>
			<string>PBXFileReference</string>
			<key>lastKnownFileType</key>
			<string>text.plist.xml</string>
			<key>path</key>
			<string>CocoaPodsHW-Info.plist</string>
			<key>sourceTree</key>
			<string>&lt;group&gt;</string>
		</dict>
		<key>CF97495B1831E8DA0056596A</key>
		<dict>
			<key>children</key>
			<array>
				<string>CF97495C1831E8DA0056596A</string>
			</array>
			<key>isa</key>
			<string>PBXVariantGroup</string>
			<key>name</key>
			<string>InfoPlist.strings</string>
			<key>sourceTree</key>
			<string>&lt;group&gt;</string>
		</dict>
		<key>CF97495C1831E8DA0056596A</key>
		<dict>
			<key>isa</key>
			<string>PBXFileReference</string>
			<key>lastKnownFileType</key>
			<string>text.plist.strings</string>
			<key>name</key>
			<string>en</string>
			<key>path</key>
			<string>en.lproj/InfoPlist.strings</string>
			<key>sourceTree</key>
			<string>&lt;group&gt;</string>
		</dict>
		<key>CF97495D1831E8DA0056596A</key>
		<dict>
			<key>fileRef</key>
			<string>CF97495B1831E8DA0056596A</string>
			<key>isa</key>
			<string>PBXBuildFile</string>
		</dict>
		<key>CF97495E1831E8DA0056596A</key>
		<dict>
			<key>isa</key>
			<string>PBXFileReference</string>
			<key>lastKnownFileType</key>
			<string>sourcecode.c.objc</string>
			<key>path</key>
			<string>main.m</string>
			<key>sourceTree</key>
			<string>&lt;group&gt;</string>
		</dict>
		<key>CF97495F1831E8DA0056596A</key>
		<dict>
			<key>fileRef</key>
			<string>CF97495E1831E8DA0056596A</string>
			<key>isa</key>
			<string>PBXBuildFile</string>
		</dict>
		<key>CF9749601831E8DA0056596A</key>
		<dict>
			<key>isa</key>
			<string>PBXFileReference</string>
			<key>lastKnownFileType</key>
			<string>sourcecode.c.h</string>
			<key>path</key>
			<string>CocoaPodsHW-Prefix.pch</string>
			<key>sourceTree</key>
			<string>&lt;group&gt;</string>
		</dict>
		<key>CF9749611831E8DA0056596A</key>
		<dict>
			<key>isa</key>
			<string>PBXFileReference</string>
			<key>lastKnownFileType</key>
			<string>sourcecode.c.h</string>
			<key>path</key>
			<string>CSGAppDelegate.h</string>
			<key>sourceTree</key>
			<string>&lt;group&gt;</string>
		</dict>
		<key>CF9749621831E8DA0056596A</key>
		<dict>
			<key>isa</key>
			<string>PBXFileReference</string>
			<key>lastKnownFileType</key>
			<string>sourcecode.c.objc</string>
			<key>path</key>
			<string>CSGAppDelegate.m</string>
			<key>sourceTree</key>
			<string>&lt;group&gt;</string>
		</dict>
		<key>CF9749631831E8DA0056596A</key>
		<dict>
			<key>fileRef</key>
			<string>CF9749621831E8DA0056596A</string>
			<key>isa</key>
			<string>PBXBuildFile</string>
		</dict>
		<key>CF9749641831E8DA0056596A</key>
		<dict>
			<key>children</key>
			<array>
				<string>CF9749651831E8DA0056596A</string>
			</array>
			<key>isa</key>
			<string>PBXVariantGroup</string>
			<key>name</key>
			<string>Main.storyboard</string>
			<key>sourceTree</key>
			<string>&lt;group&gt;</string>
		</dict>
		<key>CF9749651831E8DA0056596A</key>
		<dict>
			<key>isa</key>
			<string>PBXFileReference</string>
			<key>lastKnownFileType</key>
			<string>file.storyboard</string>
			<key>name</key>
			<string>Base</string>
			<key>path</key>
			<string>Base.lproj/Main.storyboard</string>
			<key>sourceTree</key>
			<string>&lt;group&gt;</string>
		</dict>
		<key>CF9749661831E8DA0056596A</key>
		<dict>
			<key>fileRef</key>
			<string>CF9749641831E8DA0056596A</string>
			<key>isa</key>
			<string>PBXBuildFile</string>
		</dict>
		<key>CF9749671831E8DA0056596A</key>
		<dict>
			<key>isa</key>
			<string>PBXFileReference</string>
			<key>lastKnownFileType</key>
			<string>sourcecode.c.h</string>
			<key>path</key>
			<string>CSGViewController.h</string>
			<key>sourceTree</key>
			<string>&lt;group&gt;</string>
		</dict>
		<key>CF9749681831E8DA0056596A</key>
		<dict>
			<key>isa</key>
			<string>PBXFileReference</string>
			<key>lastKnownFileType</key>
			<string>sourcecode.c.objc</string>
			<key>path</key>
			<string>CSGViewController.m</string>
			<key>sourceTree</key>
			<string>&lt;group&gt;</string>
		</dict>
		<key>CF9749691831E8DA0056596A</key>
		<dict>
			<key>fileRef</key>
			<string>CF9749681831E8DA0056596A</string>
			<key>isa</key>
			<string>PBXBuildFile</string>
		</dict>
		<key>CF97496A1831E8DA0056596A</key>
		<dict>
			<key>isa</key>
			<string>PBXFileReference</string>
			<key>lastKnownFileType</key>
			<string>folder.assetcatalog</string>
			<key>path</key>
			<string>Images.xcassets</string>
			<key>sourceTree</key>
			<string>&lt;group&gt;</string>
		</dict>
		<key>CF97496B1831E8DA0056596A</key>
		<dict>
			<key>fileRef</key>
			<string>CF97496A1831E8DA0056596A</string>
			<key>isa</key>
			<string>PBXBuildFile</string>
		</dict>
		<key>CF97496C1831E8DA0056596A</key>
		<dict>
			<key>buildActionMask</key>
			<string>2147483647</string>
			<key>files</key>
			<array>
				<string>CF97497E1831E8DA0056596A</string>
			</array>
			<key>isa</key>
			<string>PBXSourcesBuildPhase</string>
			<key>runOnlyForDeploymentPostprocessing</key>
			<string>0</string>
		</dict>
		<key>CF97496D1831E8DA0056596A</key>
		<dict>
			<key>buildActionMask</key>
			<string>2147483647</string>
			<key>files</key>
			<array>
				<string>CF9749721831E8DA0056596A</string>
				<string>CF9749741831E8DA0056596A</string>
				<string>CF9749731831E8DA0056596A</string>
			</array>
			<key>isa</key>
			<string>PBXFrameworksBuildPhase</string>
			<key>runOnlyForDeploymentPostprocessing</key>
			<string>0</string>
		</dict>
		<key>CF97496E1831E8DA0056596A</key>
		<dict>
			<key>buildActionMask</key>
			<string>2147483647</string>
			<key>files</key>
			<array>
				<string>CF97497C1831E8DA0056596A</string>
			</array>
			<key>isa</key>
			<string>PBXResourcesBuildPhase</string>
			<key>runOnlyForDeploymentPostprocessing</key>
			<string>0</string>
		</dict>
		<key>CF97496F1831E8DA0056596A</key>
		<dict>
			<key>buildConfigurationList</key>
			<string>CF9749841831E8DA0056596A</string>
			<key>buildPhases</key>
			<array>
				<string>CF97496C1831E8DA0056596A</string>
				<string>CF97496D1831E8DA0056596A</string>
				<string>CF97496E1831E8DA0056596A</string>
			</array>
			<key>buildRules</key>
			<array/>
			<key>dependencies</key>
			<array>
				<string>CF9749761831E8DA0056596A</string>
			</array>
			<key>isa</key>
			<string>PBXNativeTarget</string>
			<key>name</key>
			<string>CocoaPodsHWTests</string>
			<key>productName</key>
			<string>CocoaPodsHWTests</string>
			<key>productReference</key>
			<string>CF9749701831E8DA0056596A</string>
			<key>productType</key>
			<string>com.apple.product-type.bundle.unit-test</string>
		</dict>
		<key>CF9749701831E8DA0056596A</key>
		<dict>
			<key>explicitFileType</key>
			<string>wrapper.cfbundle</string>
			<key>includeInIndex</key>
			<string>0</string>
			<key>isa</key>
			<string>PBXFileReference</string>
			<key>path</key>
			<string>CocoaPodsHWTests.xctest</string>
			<key>sourceTree</key>
			<string>BUILT_PRODUCTS_DIR</string>
		</dict>
		<key>CF9749711831E8DA0056596A</key>
		<dict>
			<key>isa</key>
			<string>PBXFileReference</string>
			<key>lastKnownFileType</key>
			<string>wrapper.framework</string>
			<key>name</key>
			<string>XCTest.framework</string>
			<key>path</key>
			<string>Library/Frameworks/XCTest.framework</string>
			<key>sourceTree</key>
			<string>DEVELOPER_DIR</string>
		</dict>
		<key>CF9749721831E8DA0056596A</key>
		<dict>
			<key>fileRef</key>
			<string>CF9749711831E8DA0056596A</string>
			<key>isa</key>
			<string>PBXBuildFile</string>
		</dict>
		<key>CF9749731831E8DA0056596A</key>
		<dict>
			<key>fileRef</key>
			<string>CF9749521831E8DA0056596A</string>
			<key>isa</key>
			<string>PBXBuildFile</string>
		</dict>
		<key>CF9749741831E8DA0056596A</key>
		<dict>
			<key>fileRef</key>
			<string>CF9749561831E8DA0056596A</string>
			<key>isa</key>
			<string>PBXBuildFile</string>
		</dict>
		<key>CF9749751831E8DA0056596A</key>
		<dict>
			<key>containerPortal</key>
			<string>CF9749471831E8DA0056596A</string>
			<key>isa</key>
			<string>PBXContainerItemProxy</string>
			<key>proxyType</key>
			<string>1</string>
			<key>remoteGlobalIDString</key>
			<string>CF97494E1831E8DA0056596A</string>
			<key>remoteInfo</key>
			<string>CocoaPodsHW</string>
		</dict>
		<key>CF9749761831E8DA0056596A</key>
		<dict>
			<key>isa</key>
			<string>PBXTargetDependency</string>
			<key>target</key>
			<string>CF97494E1831E8DA0056596A</string>
			<key>targetProxy</key>
			<string>CF9749751831E8DA0056596A</string>
		</dict>
		<key>CF9749771831E8DA0056596A</key>
		<dict>
			<key>children</key>
			<array>
				<string>CF97497D1831E8DA0056596A</string>
				<string>CF9749781831E8DA0056596A</string>
			</array>
			<key>isa</key>
			<string>PBXGroup</string>
			<key>path</key>
			<string>CocoaPodsHWTests</string>
			<key>sourceTree</key>
			<string>&lt;group&gt;</string>
		</dict>
		<key>CF9749781831E8DA0056596A</key>
		<dict>
			<key>children</key>
			<array>
				<string>CF9749791831E8DA0056596A</string>
				<string>CF97497A1831E8DA0056596A</string>
			</array>
			<key>isa</key>
			<string>PBXGroup</string>
			<key>name</key>
			<string>Supporting Files</string>
			<key>sourceTree</key>
			<string>&lt;group&gt;</string>
		</dict>
		<key>CF9749791831E8DA0056596A</key>
		<dict>
			<key>isa</key>
			<string>PBXFileReference</string>
			<key>lastKnownFileType</key>
			<string>text.plist.xml</string>
			<key>path</key>
			<string>CocoaPodsHWTests-Info.plist</string>
			<key>sourceTree</key>
			<string>&lt;group&gt;</string>
		</dict>
		<key>CF97497A1831E8DA0056596A</key>
		<dict>
			<key>children</key>
			<array>
				<string>CF97497B1831E8DA0056596A</string>
			</array>
			<key>isa</key>
			<string>PBXVariantGroup</string>
			<key>name</key>
			<string>InfoPlist.strings</string>
			<key>sourceTree</key>
			<string>&lt;group&gt;</string>
		</dict>
		<key>CF97497B1831E8DA0056596A</key>
		<dict>
			<key>isa</key>
			<string>PBXFileReference</string>
			<key>lastKnownFileType</key>
			<string>text.plist.strings</string>
			<key>name</key>
			<string>en</string>
			<key>path</key>
			<string>en.lproj/InfoPlist.strings</string>
			<key>sourceTree</key>
			<string>&lt;group&gt;</string>
		</dict>
		<key>CF97497C1831E8DA0056596A</key>
		<dict>
			<key>fileRef</key>
			<string>CF97497A1831E8DA0056596A</string>
			<key>isa</key>
			<string>PBXBuildFile</string>
		</dict>
		<key>CF97497D1831E8DA0056596A</key>
		<dict>
			<key>isa</key>
			<string>PBXFileReference</string>
			<key>lastKnownFileType</key>
			<string>sourcecode.c.objc</string>
			<key>path</key>
			<string>CocoaPodsHWTests.m</string>
			<key>sourceTree</key>
			<string>&lt;group&gt;</string>
		</dict>
		<key>CF97497E1831E8DA0056596A</key>
		<dict>
			<key>fileRef</key>
			<string>CF97497D1831E8DA0056596A</string>
			<key>isa</key>
			<string>PBXBuildFile</string>
		</dict>
		<key>CF97497F1831E8DA0056596A</key>
		<dict>
			<key>buildSettings</key>
			<dict>
				<key>ALWAYS_SEARCH_USER_PATHS</key>
				<string>NO</string>
				<key>ARCHS</key>
				<string>$(ARCHS_STANDARD_INCLUDING_64_BIT)</string>
				<key>CLANG_CXX_LANGUAGE_STANDARD</key>
				<string>gnu++0x</string>
				<key>CLANG_CXX_LIBRARY</key>
				<string>libc++</string>
				<key>CLANG_ENABLE_MODULES</key>
				<string>YES</string>
				<key>CLANG_ENABLE_OBJC_ARC</key>
				<string>YES</string>
				<key>CLANG_WARN_BOOL_CONVERSION</key>
				<string>YES</string>
				<key>CLANG_WARN_CONSTANT_CONVERSION</key>
				<string>YES</string>
				<key>CLANG_WARN_DIRECT_OBJC_ISA_USAGE</key>
				<string>YES_ERROR</string>
				<key>CLANG_WARN_EMPTY_BODY</key>
				<string>YES</string>
				<key>CLANG_WARN_ENUM_CONVERSION</key>
				<string>YES</string>
				<key>CLANG_WARN_INT_CONVERSION</key>
				<string>YES</string>
				<key>CLANG_WARN_OBJC_ROOT_CLASS</key>
				<string>YES_ERROR</string>
				<key>CLANG_WARN__DUPLICATE_METHOD_MATCH</key>
				<string>YES</string>
				<key>CODE_SIGN_IDENTITY[sdk=iphoneos*]</key>
				<string>iPhone Developer</string>
				<key>COPY_PHASE_STRIP</key>
				<string>NO</string>
				<key>GCC_C_LANGUAGE_STANDARD</key>
				<string>gnu99</string>
				<key>GCC_DYNAMIC_NO_PIC</key>
				<string>NO</string>
				<key>GCC_OPTIMIZATION_LEVEL</key>
				<string>0</string>
				<key>GCC_PREPROCESSOR_DEFINITIONS</key>
				<array>
					<string>DEBUG=1</string>
					<string>$(inherited)</string>
				</array>
				<key>GCC_SYMBOLS_PRIVATE_EXTERN</key>
				<string>NO</string>
				<key>GCC_WARN_64_TO_32_BIT_CONVERSION</key>
				<string>YES</string>
				<key>GCC_WARN_ABOUT_RETURN_TYPE</key>
				<string>YES_ERROR</string>
				<key>GCC_WARN_UNDECLARED_SELECTOR</key>
				<string>YES</string>
				<key>GCC_WARN_UNINITIALIZED_AUTOS</key>
				<string>YES</string>
				<key>GCC_WARN_UNUSED_FUNCTION</key>
				<string>YES</string>
				<key>GCC_WARN_UNUSED_VARIABLE</key>
				<string>YES</string>
				<key>IPHONEOS_DEPLOYMENT_TARGET</key>
				<string>7.0</string>
				<key>ONLY_ACTIVE_ARCH</key>
				<string>YES</string>
				<key>SDKROOT</key>
				<string>iphoneos</string>
			</dict>
			<key>isa</key>
			<string>XCBuildConfiguration</string>
			<key>name</key>
			<string>Debug</string>
		</dict>
		<key>CF9749801831E8DA0056596A</key>
		<dict>
			<key>buildSettings</key>
			<dict>
				<key>ALWAYS_SEARCH_USER_PATHS</key>
				<string>NO</string>
				<key>ARCHS</key>
				<string>$(ARCHS_STANDARD_INCLUDING_64_BIT)</string>
				<key>CLANG_CXX_LANGUAGE_STANDARD</key>
				<string>gnu++0x</string>
				<key>CLANG_CXX_LIBRARY</key>
				<string>libc++</string>
				<key>CLANG_ENABLE_MODULES</key>
				<string>YES</string>
				<key>CLANG_ENABLE_OBJC_ARC</key>
				<string>YES</string>
				<key>CLANG_WARN_BOOL_CONVERSION</key>
				<string>YES</string>
				<key>CLANG_WARN_CONSTANT_CONVERSION</key>
				<string>YES</string>
				<key>CLANG_WARN_DIRECT_OBJC_ISA_USAGE</key>
				<string>YES_ERROR</string>
				<key>CLANG_WARN_EMPTY_BODY</key>
				<string>YES</string>
				<key>CLANG_WARN_ENUM_CONVERSION</key>
				<string>YES</string>
				<key>CLANG_WARN_INT_CONVERSION</key>
				<string>YES</string>
				<key>CLANG_WARN_OBJC_ROOT_CLASS</key>
				<string>YES_ERROR</string>
				<key>CLANG_WARN__DUPLICATE_METHOD_MATCH</key>
				<string>YES</string>
				<key>CODE_SIGN_IDENTITY[sdk=iphoneos*]</key>
				<string>iPhone Developer</string>
				<key>COPY_PHASE_STRIP</key>
				<string>YES</string>
				<key>ENABLE_NS_ASSERTIONS</key>
				<string>NO</string>
				<key>GCC_C_LANGUAGE_STANDARD</key>
				<string>gnu99</string>
				<key>GCC_WARN_64_TO_32_BIT_CONVERSION</key>
				<string>YES</string>
				<key>GCC_WARN_ABOUT_RETURN_TYPE</key>
				<string>YES_ERROR</string>
				<key>GCC_WARN_UNDECLARED_SELECTOR</key>
				<string>YES</string>
				<key>GCC_WARN_UNINITIALIZED_AUTOS</key>
				<string>YES</string>
				<key>GCC_WARN_UNUSED_FUNCTION</key>
				<string>YES</string>
				<key>GCC_WARN_UNUSED_VARIABLE</key>
				<string>YES</string>
				<key>IPHONEOS_DEPLOYMENT_TARGET</key>
				<string>7.0</string>
				<key>SDKROOT</key>
				<string>iphoneos</string>
				<key>VALIDATE_PRODUCT</key>
				<string>YES</string>
			</dict>
			<key>isa</key>
			<string>XCBuildConfiguration</string>
			<key>name</key>
			<string>Release</string>
		</dict>
		<key>CF9749811831E8DA0056596A</key>
		<dict>
			<key>buildConfigurations</key>
			<array>
				<string>CF9749821831E8DA0056596A</string>
				<string>CF9749831831E8DA0056596A</string>
			</array>
			<key>defaultConfigurationIsVisible</key>
			<string>0</string>
			<key>isa</key>
			<string>XCConfigurationList</string>
		</dict>
		<key>CF9749821831E8DA0056596A</key>
		<dict>
			<key>baseConfigurationReference</key>
			<string>3754E33B86C0459D8C2EF544</string>
			<key>buildSettings</key>
			<dict>
				<key>ASSETCATALOG_COMPILER_APPICON_NAME</key>
				<string>AppIcon</string>
				<key>ASSETCATALOG_COMPILER_LAUNCHIMAGE_NAME</key>
				<string>LaunchImage</string>
				<key>GCC_PRECOMPILE_PREFIX_HEADER</key>
				<string>YES</string>
				<key>GCC_PREFIX_HEADER</key>
				<string>CocoaPodsHW/CocoaPodsHW-Prefix.pch</string>
				<key>INFOPLIST_FILE</key>
				<string>CocoaPodsHW/CocoaPodsHW-Info.plist</string>
				<key>PRODUCT_NAME</key>
				<string>$(TARGET_NAME)</string>
				<key>WRAPPER_EXTENSION</key>
				<string>app</string>
			</dict>
			<key>isa</key>
			<string>XCBuildConfiguration</string>
			<key>name</key>
			<string>Debug</string>
		</dict>
		<key>CF9749831831E8DA0056596A</key>
		<dict>
			<key>baseConfigurationReference</key>
			<string>3754E33B86C0459D8C2EF544</string>
			<key>buildSettings</key>
			<dict>
				<key>ASSETCATALOG_COMPILER_APPICON_NAME</key>
				<string>AppIcon</string>
				<key>ASSETCATALOG_COMPILER_LAUNCHIMAGE_NAME</key>
				<string>LaunchImage</string>
				<key>GCC_PRECOMPILE_PREFIX_HEADER</key>
				<string>YES</string>
				<key>GCC_PREFIX_HEADER</key>
				<string>CocoaPodsHW/CocoaPodsHW-Prefix.pch</string>
				<key>INFOPLIST_FILE</key>
				<string>CocoaPodsHW/CocoaPodsHW-Info.plist</string>
				<key>PRODUCT_NAME</key>
				<string>$(TARGET_NAME)</string>
				<key>WRAPPER_EXTENSION</key>
				<string>app</string>
			</dict>
			<key>isa</key>
			<string>XCBuildConfiguration</string>
			<key>name</key>
			<string>Release</string>
		</dict>
		<key>CF9749841831E8DA0056596A</key>
		<dict>
			<key>buildConfigurations</key>
			<array>
				<string>CF9749851831E8DA0056596A</string>
				<string>CF9749861831E8DA0056596A</string>
			</array>
			<key>defaultConfigurationIsVisible</key>
			<string>0</string>
			<key>isa</key>
			<string>XCConfigurationList</string>
		</dict>
		<key>CF9749851831E8DA0056596A</key>
		<dict>
			<key>buildSettings</key>
			<dict>
				<key>ARCHS</key>
				<string>$(ARCHS_STANDARD_INCLUDING_64_BIT)</string>
				<key>BUNDLE_LOADER</key>
				<string>$(BUILT_PRODUCTS_DIR)/CocoaPodsHW.app/CocoaPodsHW</string>
				<key>FRAMEWORK_SEARCH_PATHS</key>
				<array>
					<string>$(SDKROOT)/Developer/Library/Frameworks</string>
					<string>$(inherited)</string>
					<string>$(DEVELOPER_FRAMEWORKS_DIR)</string>
				</array>
				<key>GCC_PRECOMPILE_PREFIX_HEADER</key>
				<string>YES</string>
				<key>GCC_PREFIX_HEADER</key>
				<string>CocoaPodsHW/CocoaPodsHW-Prefix.pch</string>
				<key>GCC_PREPROCESSOR_DEFINITIONS</key>
				<array>
					<string>DEBUG=1</string>
					<string>$(inherited)</string>
				</array>
				<key>INFOPLIST_FILE</key>
				<string>CocoaPodsHWTests/CocoaPodsHWTests-Info.plist</string>
				<key>PRODUCT_NAME</key>
				<string>$(TARGET_NAME)</string>
				<key>TEST_HOST</key>
				<string>$(BUNDLE_LOADER)</string>
				<key>WRAPPER_EXTENSION</key>
				<string>xctest</string>
			</dict>
			<key>isa</key>
			<string>XCBuildConfiguration</string>
			<key>name</key>
			<string>Debug</string>
		</dict>
		<key>CF9749861831E8DA0056596A</key>
		<dict>
			<key>buildSettings</key>
			<dict>
				<key>ARCHS</key>
				<string>$(ARCHS_STANDARD_INCLUDING_64_BIT)</string>
				<key>BUNDLE_LOADER</key>
				<string>$(BUILT_PRODUCTS_DIR)/CocoaPodsHW.app/CocoaPodsHW</string>
				<key>FRAMEWORK_SEARCH_PATHS</key>
				<array>
					<string>$(SDKROOT)/Developer/Library/Frameworks</string>
					<string>$(inherited)</string>
					<string>$(DEVELOPER_FRAMEWORKS_DIR)</string>
				</array>
				<key>GCC_PRECOMPILE_PREFIX_HEADER</key>
				<string>YES</string>
				<key>GCC_PREFIX_HEADER</key>
				<string>CocoaPodsHW/CocoaPodsHW-Prefix.pch</string>
				<key>INFOPLIST_FILE</key>
				<string>CocoaPodsHWTests/CocoaPodsHWTests-Info.plist</string>
				<key>PRODUCT_NAME</key>
				<string>$(TARGET_NAME)</string>
				<key>TEST_HOST</key>
				<string>$(BUNDLE_LOADER)</string>
				<key>WRAPPER_EXTENSION</key>
				<string>xctest</string>
			</dict>
			<key>isa</key>
			<string>XCBuildConfiguration</string>
			<key>name</key>
			<string>Release</string>
		</dict>
		<key>F73BA947BE2C4BFFB8EBADFD</key>
		<dict>
			<key>buildActionMask</key>
			<string>2147483647</string>
			<key>files</key>
			<array/>
			<key>inputPaths</key>
			<array/>
			<key>isa</key>
			<string>PBXShellScriptBuildPhase</string>
			<key>name</key>
			<string>Copy Pods Resources</string>
			<key>outputPaths</key>
			<array/>
			<key>runOnlyForDeploymentPostprocessing</key>
			<string>0</string>
			<key>shellPath</key>
			<string>/bin/sh</string>
			<key>shellScript</key>
			<string>"${SRCROOT}/Pods/Pods-resources.sh"
</string>
			<key>showEnvVarsInLog</key>
			<string>0</string>
		</dict>
		<key>FD38E571B10342B783AA2FDF</key>
		<dict>
			<key>buildActionMask</key>
			<string>2147483647</string>
			<key>files</key>
			<array/>
			<key>inputPaths</key>
			<array/>
			<key>isa</key>
			<string>PBXShellScriptBuildPhase</string>
			<key>name</key>
			<string>Check Pods Manifest.lock</string>
			<key>outputPaths</key>
			<array/>
			<key>runOnlyForDeploymentPostprocessing</key>
			<string>0</string>
			<key>shellPath</key>
			<string>/bin/sh</string>
			<key>shellScript</key>
			<string>diff "${PODS_ROOT}/../Podfile.lock" "${PODS_ROOT}/Manifest.lock" &gt; /dev/null
if [[ $? != 0 ]] ; then
    cat &lt;&lt; EOM
error: The sandbox is not in sync with the Podfile.lock. Run 'pod install' or update your CocoaPods installation.
EOM
    exit 1
fi
</string>
			<key>showEnvVarsInLog</key>
			<string>0</string>
		</dict>
	</dict>
	<key>rootObject</key>
	<string>CF9749471831E8DA0056596A</string>
</dict>
</plist>
